
Microsoft Visual Studio Solution File, Format Version 12.00
# Visual Studio Version 16
VisualStudioVersion = 16.0.30611.23
MinimumVisualStudioVersion = 10.0.40219.1
Project("{FAE04EC0-301F-11D3-BF4B-00C04F79EFBC}") = "TestLib", "TestLib\TestLib.csproj", "{79831B8D-8A38-472F-A058-67568242A2A2}"
EndProject
Project("{FAE04EC0-301F-11D3-BF4B-00C04F79EFBC}") = "XUnitTestProject1", "XUnitTestProject1\XUnitTestProject1.csproj", "{B7BD5D15-C348-44D1-B749-5E59B2ACCE44}"
EndProject
Project("{FAE04EC0-301F-11D3-BF4B-00C04F79EFBC}") = "ConsoleApp1", "ConsoleApp1\ConsoleApp1.csproj", "{28AFDD98-4551-4F47-BA18-80BC6F25274E}"
EndProject
Global
	GlobalSection(SolutionConfigurationPlatforms) = preSolution
		Debug|Any CPU = Debug|Any CPU
		Release|Any CPU = Release|Any CPU
	EndGlobalSection
	GlobalSection(ProjectConfigurationPlatforms) = postSolution
		{79831B8D-8A38-472F-A058-67568242A2A2}.Debug|Any CPU.ActiveCfg = Debug|Any CPU
		{79831B8D-8A38-472F-A058-67568242A2A2}.Debug|Any CPU.Build.0 = Debug|Any CPU
		{79831B8D-8A38-472F-A058-67568242A2A2}.Release|Any CPU.ActiveCfg = Release|Any CPU
		{79831B8D-8A38-472F-A058-67568242A2A2}.Release|Any CPU.Build.0 = Release|Any CPU
		{B7BD5D15-C348-44D1-B749-5E59B2ACCE44}.Debug|Any CPU.ActiveCfg = Debug|Any CPU
		{B7BD5D15-C348-44D1-B749-5E59B2ACCE44}.Debug|Any CPU.Build.0 = Debug|Any CPU
		{B7BD5D15-C348-44D1-B749-5E59B2ACCE44}.Release|Any CPU.ActiveCfg = Release|Any CPU
		{B7BD5D15-C348-44D1-B749-5E59B2ACCE44}.Release|Any CPU.Build.0 = Release|Any CPU
		{28AFDD98-4551-4F47-BA18-80BC6F25274E}.Debug|Any CPU.ActiveCfg = Debug|Any CPU
		{28AFDD98-4551-4F47-BA18-80BC6F25274E}.Debug|Any CPU.Build.0 = Debug|Any CPU
		{28AFDD98-4551-4F47-BA18-80BC6F25274E}.Release|Any CPU.ActiveCfg = Release|Any CPU
		{28AFDD98-4551-4F47-BA18-80BC6F25274E}.Release|Any CPU.Build.0 = Release|Any CPU
	EndGlobalSection
	GlobalSection(SolutionProperties) = preSolution
		HideSolutionNode = FALSE
	EndGlobalSection
	GlobalSection(ExtensibilityGlobals) = postSolution
		SolutionGuid = {7E570C33-E838-48C5-AAC4-CB0017B2DBFD}
	EndGlobalSection
EndGlobal
