
Microsoft Visual Studio Solution File, Format Version 12.00
# Visual Studio Version 16
VisualStudioVersion = 16.0.30711.63
MinimumVisualStudioVersion = 10.0.40219.1
Project("{FAE04EC0-301F-11D3-BF4B-00C04F79EFBC}") = "View", "View\View.csproj", "{00FC0BF6-682B-4B43-B1AE-478C0DB1DDA4}"
EndProject
Project("{FAE04EC0-301F-11D3-BF4B-00C04F79EFBC}") = "ViewModel", "ViewModel\ViewModel.csproj", "{AA3FB3E9-7158-41FB-A29A-39199B907B61}"
EndProject
Project("{FAE04EC0-301F-11D3-BF4B-00C04F79EFBC}") = "Model", "Model\Model.csproj", "{EE976157-F22C-4F27-A6D8-92D5EBA923FB}"
EndProject
Project("{FAE04EC0-301F-11D3-BF4B-00C04F79EFBC}") = "Service", "Service\Service.csproj", "{945663A3-0844-4E58-98F4-4E60BB70AF67}"
EndProject
Project("{FAE04EC0-301F-11D3-BF4B-00C04F79EFBC}") = "Data", "Data\Data.csproj", "{CDFE92A2-655E-49F4-BE71-91440CBA4558}"
EndProject
Project("{FAE04EC0-301F-11D3-BF4B-00C04F79EFBC}") = "UnitTestProject1", "UnitTestProject1\UnitTestProject1.csproj", "{26E8C0A0-8AC6-4994-9914-C8AC9262EBAF}"
EndProject
Global
	GlobalSection(SolutionConfigurationPlatforms) = preSolution
		Debug|Any CPU = Debug|Any CPU
		Release|Any CPU = Release|Any CPU
	EndGlobalSection
	GlobalSection(ProjectConfigurationPlatforms) = postSolution
		{00FC0BF6-682B-4B43-B1AE-478C0DB1DDA4}.Debug|Any CPU.ActiveCfg = Debug|Any CPU
		{00FC0BF6-682B-4B43-B1AE-478C0DB1DDA4}.Debug|Any CPU.Build.0 = Debug|Any CPU
		{00FC0BF6-682B-4B43-B1AE-478C0DB1DDA4}.Release|Any CPU.ActiveCfg = Release|Any CPU
		{00FC0BF6-682B-4B43-B1AE-478C0DB1DDA4}.Release|Any CPU.Build.0 = Release|Any CPU
		{AA3FB3E9-7158-41FB-A29A-39199B907B61}.Debug|Any CPU.ActiveCfg = Debug|Any CPU
		{AA3FB3E9-7158-41FB-A29A-39199B907B61}.Debug|Any CPU.Build.0 = Debug|Any CPU
		{AA3FB3E9-7158-41FB-A29A-39199B907B61}.Release|Any CPU.ActiveCfg = Release|Any CPU
		{AA3FB3E9-7158-41FB-A29A-39199B907B61}.Release|Any CPU.Build.0 = Release|Any CPU
		{EE976157-F22C-4F27-A6D8-92D5EBA923FB}.Debug|Any CPU.ActiveCfg = Debug|Any CPU
		{EE976157-F22C-4F27-A6D8-92D5EBA923FB}.Debug|Any CPU.Build.0 = Debug|Any CPU
		{EE976157-F22C-4F27-A6D8-92D5EBA923FB}.Release|Any CPU.ActiveCfg = Release|Any CPU
		{EE976157-F22C-4F27-A6D8-92D5EBA923FB}.Release|Any CPU.Build.0 = Release|Any CPU
		{945663A3-0844-4E58-98F4-4E60BB70AF67}.Debug|Any CPU.ActiveCfg = Debug|Any CPU
		{945663A3-0844-4E58-98F4-4E60BB70AF67}.Debug|Any CPU.Build.0 = Debug|Any CPU
		{945663A3-0844-4E58-98F4-4E60BB70AF67}.Release|Any CPU.ActiveCfg = Release|Any CPU
		{945663A3-0844-4E58-98F4-4E60BB70AF67}.Release|Any CPU.Build.0 = Release|Any CPU
		{CDFE92A2-655E-49F4-BE71-91440CBA4558}.Debug|Any CPU.ActiveCfg = Debug|Any CPU
		{CDFE92A2-655E-49F4-BE71-91440CBA4558}.Debug|Any CPU.Build.0 = Debug|Any CPU
		{CDFE92A2-655E-49F4-BE71-91440CBA4558}.Release|Any CPU.ActiveCfg = Release|Any CPU
		{CDFE92A2-655E-49F4-BE71-91440CBA4558}.Release|Any CPU.Build.0 = Release|Any CPU
		{26E8C0A0-8AC6-4994-9914-C8AC9262EBAF}.Debug|Any CPU.ActiveCfg = Debug|Any CPU
		{26E8C0A0-8AC6-4994-9914-C8AC9262EBAF}.Debug|Any CPU.Build.0 = Debug|Any CPU
		{26E8C0A0-8AC6-4994-9914-C8AC9262EBAF}.Release|Any CPU.ActiveCfg = Release|Any CPU
		{26E8C0A0-8AC6-4994-9914-C8AC9262EBAF}.Release|Any CPU.Build.0 = Release|Any CPU
	EndGlobalSection
	GlobalSection(SolutionProperties) = preSolution
		HideSolutionNode = FALSE
	EndGlobalSection
	GlobalSection(ExtensibilityGlobals) = postSolution
		SolutionGuid = {CBCD8821-446C-4DA0-8FA1-9722A3A7D0D7}
	EndGlobalSection
EndGlobal
